
Microsoft Visual Studio Solution File, Format Version 12.00
# Visual Studio Version 16
VisualStudioVersion = 16.0.32413.511
MinimumVisualStudioVersion = 10.0.40219.1
Project("{FAE04EC0-301F-11D3-BF4B-00C04F79EFBC}") = "Compount interest calculator using CSharp", "Compount interest calculator using CSharp.csproj", "{AE97ECF5-726B-4FA1-8BB7-F1A6226C67AB}"
EndProject
Global
	GlobalSection(SolutionConfigurationPlatforms) = preSolution
		Debug|Any CPU = Debug|Any CPU
		Release|Any CPU = Release|Any CPU
	EndGlobalSection
	GlobalSection(ProjectConfigurationPlatforms) = postSolution
		{AE97ECF5-726B-4FA1-8BB7-F1A6226C67AB}.Debug|Any CPU.ActiveCfg = Debug|Any CPU
		{AE97ECF5-726B-4FA1-8BB7-F1A6226C67AB}.Debug|Any CPU.Build.0 = Debug|Any CPU
		{AE97ECF5-726B-4FA1-8BB7-F1A6226C67AB}.Release|Any CPU.ActiveCfg = Release|Any CPU
		{AE97ECF5-726B-4FA1-8BB7-F1A6226C67AB}.Release|Any CPU.Build.0 = Release|Any CPU
	EndGlobalSection
	GlobalSection(SolutionProperties) = preSolution
		HideSolutionNode = FALSE
	EndGlobalSection
	GlobalSection(ExtensibilityGlobals) = postSolution
		SolutionGuid = {0F8BB46F-5369-4589-AECA-2738D73E593C}
	EndGlobalSection
EndGlobal
